
Microsoft Visual Studio Solution File, Format Version 12.00
# Visual Studio Version 18
VisualStudioVersion = 18.8.11912.234 insiders
MinimumVisualStudioVersion = 10.0.40219.1
Project("{9A19103F-16F7-4668-BE54-9A1E7A4F7556}") = "Limbo.Umbraco.TextBox", "Limbo.Umbraco.TextBox\Limbo.Umbraco.TextBox.csproj", "{0431EB5C-FD1C-4908-BE9B-BADDAAC118C3}"
EndProject
Project("{2150E333-8FDC-42A3-9474-1A3956D46DE8}") = "Solution Items", "Solution Items", "{039D36F4-4763-4656-90B6-725D776F2A04}"
	ProjectSection(SolutionItems) = preProject
		..\debug.bat = ..\debug.bat
		..\LICENSE.md = ..\LICENSE.md
		..\README.md = ..\README.md
		..\release.bat = ..\release.bat
	EndProjectSection
EndProject
Project("{54A90642-561A-4BB1-A94E-469ADEE60C69}") = "Limbo.Umbraco.TextBox.Client", "Limbo.Umbraco.TextBox.Client\Limbo.Umbraco.TextBox.Client.esproj", "{F5D71B2F-9E61-80AC-7061-5B44D7175AC2}"
EndProject
Global
	GlobalSection(SolutionConfigurationPlatforms) = preSolution
		Debug|Any CPU = Debug|Any CPU
		Release|Any CPU = Release|Any CPU
	EndGlobalSection
	GlobalSection(ProjectConfigurationPlatforms) = postSolution
		{0431EB5C-FD1C-4908-BE9B-BADDAAC118C3}.Debug|Any CPU.ActiveCfg = Debug|Any CPU
		{0431EB5C-FD1C-4908-BE9B-BADDAAC118C3}.Debug|Any CPU.Build.0 = Debug|Any CPU
		{0431EB5C-FD1C-4908-BE9B-BADDAAC118C3}.Release|Any CPU.ActiveCfg = Release|Any CPU
		{0431EB5C-FD1C-4908-BE9B-BADDAAC118C3}.Release|Any CPU.Build.0 = Release|Any CPU
		{F5D71B2F-9E61-80AC-7061-5B44D7175AC2}.Debug|Any CPU.ActiveCfg = Debug|Any CPU
		{F5D71B2F-9E61-80AC-7061-5B44D7175AC2}.Debug|Any CPU.Build.0 = Debug|Any CPU
		{F5D71B2F-9E61-80AC-7061-5B44D7175AC2}.Debug|Any CPU.Deploy.0 = Debug|Any CPU
		{F5D71B2F-9E61-80AC-7061-5B44D7175AC2}.Release|Any CPU.ActiveCfg = Release|Any CPU
		{F5D71B2F-9E61-80AC-7061-5B44D7175AC2}.Release|Any CPU.Build.0 = Release|Any CPU
		{F5D71B2F-9E61-80AC-7061-5B44D7175AC2}.Release|Any CPU.Deploy.0 = Release|Any CPU
	EndGlobalSection
	GlobalSection(SolutionProperties) = preSolution
		HideSolutionNode = FALSE
	EndGlobalSection
	GlobalSection(ExtensibilityGlobals) = postSolution
		SolutionGuid = {00000000-0000-0000-0000-000000000000}
	EndGlobalSection
EndGlobal
